
Microsoft Visual Studio Solution File, Format Version 12.00
# Visual Studio Version 17
VisualStudioVersion = 17.1.32210.238
MinimumVisualStudioVersion = 10.0.40219.1
Project("{9A19103F-16F7-4668-BE54-9A1E7A4F7556}") = "DataAccessLayer", "DataAccessLayer\DataAccessLayer.csproj", "{089C24AC-CD9C-4D8B-98CA-200D4AAC6E7D}"
EndProject
Project("{9A19103F-16F7-4668-BE54-9A1E7A4F7556}") = "NetCoreWebAPI", "NetCoreWebAPI\NetCoreWebAPI.csproj", "{B5724C61-D616-473A-B487-4F8F84E31876}"
EndProject
Project("{54A90642-561A-4BB1-A94E-469ADEE60C69}") = "AngularFrontEnd", "AngularFrontEnd\AngularFrontEnd.esproj", "{C48449F0-C45A-4DA7-BC17-F30C30AAC991}"
EndProject
Global
	GlobalSection(SolutionConfigurationPlatforms) = preSolution
		Debug|Any CPU = Debug|Any CPU
		Release|Any CPU = Release|Any CPU
	EndGlobalSection
	GlobalSection(ProjectConfigurationPlatforms) = postSolution
		{089C24AC-CD9C-4D8B-98CA-200D4AAC6E7D}.Debug|Any CPU.ActiveCfg = Debug|Any CPU
		{089C24AC-CD9C-4D8B-98CA-200D4AAC6E7D}.Debug|Any CPU.Build.0 = Debug|Any CPU
		{089C24AC-CD9C-4D8B-98CA-200D4AAC6E7D}.Release|Any CPU.ActiveCfg = Release|Any CPU
		{089C24AC-CD9C-4D8B-98CA-200D4AAC6E7D}.Release|Any CPU.Build.0 = Release|Any CPU
		{B5724C61-D616-473A-B487-4F8F84E31876}.Debug|Any CPU.ActiveCfg = Debug|Any CPU
		{B5724C61-D616-473A-B487-4F8F84E31876}.Debug|Any CPU.Build.0 = Debug|Any CPU
		{B5724C61-D616-473A-B487-4F8F84E31876}.Release|Any CPU.ActiveCfg = Release|Any CPU
		{B5724C61-D616-473A-B487-4F8F84E31876}.Release|Any CPU.Build.0 = Release|Any CPU
		{C48449F0-C45A-4DA7-BC17-F30C30AAC991}.Debug|Any CPU.ActiveCfg = Debug|Any CPU
		{C48449F0-C45A-4DA7-BC17-F30C30AAC991}.Debug|Any CPU.Build.0 = Debug|Any CPU
		{C48449F0-C45A-4DA7-BC17-F30C30AAC991}.Debug|Any CPU.Deploy.0 = Debug|Any CPU
		{C48449F0-C45A-4DA7-BC17-F30C30AAC991}.Release|Any CPU.ActiveCfg = Release|Any CPU
		{C48449F0-C45A-4DA7-BC17-F30C30AAC991}.Release|Any CPU.Build.0 = Release|Any CPU
		{C48449F0-C45A-4DA7-BC17-F30C30AAC991}.Release|Any CPU.Deploy.0 = Release|Any CPU
	EndGlobalSection
	GlobalSection(SolutionProperties) = preSolution
		HideSolutionNode = FALSE
	EndGlobalSection
	GlobalSection(ExtensibilityGlobals) = postSolution
		SolutionGuid = {4D32C6FA-63C2-43D0-8A59-260B839A0E7F}
	EndGlobalSection
EndGlobal
