
Microsoft Visual Studio Solution File, Format Version 12.00
# Visual Studio Version 17
VisualStudioVersion = 17.1.32210.238
MinimumVisualStudioVersion = 10.0.40219.1
Project("{54A90642-561A-4BB1-A94E-469ADEE60C69}") = "AngularFrontEnd", "AngularFrontEnd.esproj", "{C48449F0-C45A-4DA7-BC17-F30C30AAC991}"
EndProject
Global
	GlobalSection(SolutionConfigurationPlatforms) = preSolution
		Debug|Any CPU = Debug|Any CPU
		Release|Any CPU = Release|Any CPU
	EndGlobalSection
	GlobalSection(ProjectConfigurationPlatforms) = postSolution
		{C48449F0-C45A-4DA7-BC17-F30C30AAC991}.Debug|Any CPU.ActiveCfg = Debug|Any CPU
		{C48449F0-C45A-4DA7-BC17-F30C30AAC991}.Debug|Any CPU.Build.0 = Debug|Any CPU
		{C48449F0-C45A-4DA7-BC17-F30C30AAC991}.Debug|Any CPU.Deploy.0 = Debug|Any CPU
		{C48449F0-C45A-4DA7-BC17-F30C30AAC991}.Release|Any CPU.ActiveCfg = Release|Any CPU
		{C48449F0-C45A-4DA7-BC17-F30C30AAC991}.Release|Any CPU.Build.0 = Release|Any CPU
		{C48449F0-C45A-4DA7-BC17-F30C30AAC991}.Release|Any CPU.Deploy.0 = Release|Any CPU
	EndGlobalSection
	GlobalSection(SolutionProperties) = preSolution
		HideSolutionNode = FALSE
	EndGlobalSection
	GlobalSection(ExtensibilityGlobals) = postSolution
		SolutionGuid = {A4BBDF1A-A57F-416E-99D2-FF82B5C8AA81}
	EndGlobalSection
EndGlobal
